{
  "requires": true,
  "lockfileVersion": 1,
  "dependencies": {
    "frappe-gantt": {
      "version": "0.6.0",
      "resolved": "https://registry.npmjs.org/frappe-gantt/-/frappe-gantt-0.6.0.tgz",
      "integrity": "sha512-/P7s9edP6EoLD09EX2HPqsy1u0v4zYcurMy4ByExArvj7t0UDJlpxp88nISFtMkQe+aofaO9dR0fd61ZwX0O6g=="
    }
  }
}
